
Microsoft Visual Studio Solution File, Format Version 12.00
# Visual Studio Version 17
VisualStudioVersion = 17.0.31903.59
MinimumVisualStudioVersion = 10.0.40219.1
Project("{FAE04EC0-301F-11D3-BF4B-00C04F79EFBC}") = "CompanyEmployees", "CompanyEmployees\CompanyEmployees.csproj", "{9A8D0F85-A22B-4759-A534-EEE89FC9C70A}"
EndProject
Project("{FAE04EC0-301F-11D3-BF4B-00C04F79EFBC}") = "LoggerService", "LoggerService\LoggerService.csproj", "{1270A3E2-40F1-4263-AB93-3975FD30D295}"
EndProject
Project("{FAE04EC0-301F-11D3-BF4B-00C04F79EFBC}") = "Contracts", "Contracts\Contracts.csproj", "{7557CEB2-1F8D-4722-9E52-25E113D95C44}"
EndProject
Global
	GlobalSection(SolutionConfigurationPlatforms) = preSolution
		Debug|Any CPU = Debug|Any CPU
		Release|Any CPU = Release|Any CPU
	EndGlobalSection
	GlobalSection(SolutionProperties) = preSolution
		HideSolutionNode = FALSE
	EndGlobalSection
	GlobalSection(ProjectConfigurationPlatforms) = postSolution
		{9A8D0F85-A22B-4759-A534-EEE89FC9C70A}.Debug|Any CPU.ActiveCfg = Debug|Any CPU
		{9A8D0F85-A22B-4759-A534-EEE89FC9C70A}.Debug|Any CPU.Build.0 = Debug|Any CPU
		{9A8D0F85-A22B-4759-A534-EEE89FC9C70A}.Release|Any CPU.ActiveCfg = Release|Any CPU
		{9A8D0F85-A22B-4759-A534-EEE89FC9C70A}.Release|Any CPU.Build.0 = Release|Any CPU
		{1270A3E2-40F1-4263-AB93-3975FD30D295}.Debug|Any CPU.ActiveCfg = Debug|Any CPU
		{1270A3E2-40F1-4263-AB93-3975FD30D295}.Debug|Any CPU.Build.0 = Debug|Any CPU
		{1270A3E2-40F1-4263-AB93-3975FD30D295}.Release|Any CPU.ActiveCfg = Release|Any CPU
		{1270A3E2-40F1-4263-AB93-3975FD30D295}.Release|Any CPU.Build.0 = Release|Any CPU
		{7557CEB2-1F8D-4722-9E52-25E113D95C44}.Debug|Any CPU.ActiveCfg = Debug|Any CPU
		{7557CEB2-1F8D-4722-9E52-25E113D95C44}.Debug|Any CPU.Build.0 = Debug|Any CPU
		{7557CEB2-1F8D-4722-9E52-25E113D95C44}.Release|Any CPU.ActiveCfg = Release|Any CPU
		{7557CEB2-1F8D-4722-9E52-25E113D95C44}.Release|Any CPU.Build.0 = Release|Any CPU
	EndGlobalSection
EndGlobal
